
Microsoft Visual Studio Solution File, Format Version 12.00
# Visual Studio Version 17
VisualStudioVersion = 17.3.32929.385
MinimumVisualStudioVersion = 10.0.40219.1
Project("{FAE04EC0-301F-11D3-BF4B-00C04F79EFBC}") = "Kolman_CourseProject_Part1", "Kolman_CourseProject_Part1.csproj", "{4218D7A2-723F-4E9A-9051-BFADC66C7606}"
EndProject
Global
	GlobalSection(SolutionConfigurationPlatforms) = preSolution
		Debug|Any CPU = Debug|Any CPU
		Release|Any CPU = Release|Any CPU
	EndGlobalSection
	GlobalSection(ProjectConfigurationPlatforms) = postSolution
		{4218D7A2-723F-4E9A-9051-BFADC66C7606}.Debug|Any CPU.ActiveCfg = Debug|Any CPU
		{4218D7A2-723F-4E9A-9051-BFADC66C7606}.Debug|Any CPU.Build.0 = Debug|Any CPU
		{4218D7A2-723F-4E9A-9051-BFADC66C7606}.Release|Any CPU.ActiveCfg = Release|Any CPU
		{4218D7A2-723F-4E9A-9051-BFADC66C7606}.Release|Any CPU.Build.0 = Release|Any CPU
	EndGlobalSection
	GlobalSection(SolutionProperties) = preSolution
		HideSolutionNode = FALSE
	EndGlobalSection
	GlobalSection(ExtensibilityGlobals) = postSolution
		SolutionGuid = {5C8901D5-7DA2-4ED3-8F1B-BE5D0791220D}
	EndGlobalSection
EndGlobal
